
Microsoft Visual Studio Solution File, Format Version 12.00
# Visual Studio Version 17
VisualStudioVersion = 17.4.33403.182
MinimumVisualStudioVersion = 10.0.40219.1
Project("{8BC9CEB8-8B4A-11D0-8D11-00A0C91BC942}") = "LSEG Solution", "LSEG Solution.vcxproj", "{7CB82160-B942-418C-989D-72D9BA5394FC}"
EndProject
Global
	GlobalSection(SolutionConfigurationPlatforms) = preSolution
		Debug|x64 = Debug|x64
		Debug|x86 = Debug|x86
		Release|x64 = Release|x64
		Release|x86 = Release|x86
	EndGlobalSection
	GlobalSection(ProjectConfigurationPlatforms) = postSolution
		{7CB82160-B942-418C-989D-72D9BA5394FC}.Debug|x64.ActiveCfg = Debug|x64
		{7CB82160-B942-418C-989D-72D9BA5394FC}.Debug|x64.Build.0 = Debug|x64
		{7CB82160-B942-418C-989D-72D9BA5394FC}.Debug|x86.ActiveCfg = Debug|Win32
		{7CB82160-B942-418C-989D-72D9BA5394FC}.Debug|x86.Build.0 = Debug|Win32
		{7CB82160-B942-418C-989D-72D9BA5394FC}.Release|x64.ActiveCfg = Release|x64
		{7CB82160-B942-418C-989D-72D9BA5394FC}.Release|x64.Build.0 = Release|x64
		{7CB82160-B942-418C-989D-72D9BA5394FC}.Release|x86.ActiveCfg = Release|Win32
		{7CB82160-B942-418C-989D-72D9BA5394FC}.Release|x86.Build.0 = Release|Win32
	EndGlobalSection
	GlobalSection(SolutionProperties) = preSolution
		HideSolutionNode = FALSE
	EndGlobalSection
	GlobalSection(ExtensibilityGlobals) = postSolution
		SolutionGuid = {72E005CA-9868-4E6F-9B1A-3393DFF35543}
	EndGlobalSection
EndGlobal
